
Microsoft Visual Studio Solution File, Format Version 12.00
# Visual Studio Version 17
VisualStudioVersion = 17.0.32002.185
MinimumVisualStudioVersion = 10.0.40219.1
Project("{FAE04EC0-301F-11D3-BF4B-00C04F79EFBC}") = "JsonDiff", "JsonDiff\JsonDiff.csproj", "{71A0CED7-4245-43B1-8137-B50715A600A6}"
EndProject
Global
	GlobalSection(SolutionConfigurationPlatforms) = preSolution
		Debug|Any CPU = Debug|Any CPU
		Release|Any CPU = Release|Any CPU
	EndGlobalSection
	GlobalSection(ProjectConfigurationPlatforms) = postSolution
		{71A0CED7-4245-43B1-8137-B50715A600A6}.Debug|Any CPU.ActiveCfg = Debug|Any CPU
		{71A0CED7-4245-43B1-8137-B50715A600A6}.Debug|Any CPU.Build.0 = Debug|Any CPU
		{71A0CED7-4245-43B1-8137-B50715A600A6}.Release|Any CPU.ActiveCfg = Release|Any CPU
		{71A0CED7-4245-43B1-8137-B50715A600A6}.Release|Any CPU.Build.0 = Release|Any CPU
	EndGlobalSection
	GlobalSection(SolutionProperties) = preSolution
		HideSolutionNode = FALSE
	EndGlobalSection
	GlobalSection(ExtensibilityGlobals) = postSolution
		SolutionGuid = {BA45A489-625E-40C8-AA7E-C7FA116886AE}
	EndGlobalSection
EndGlobal
